// !$*UTF8*$!
{
	archiveVersion = 1;
	classes = {
	};
	objectVersion = 56;
	objects = {

/* Begin PBXBuildFile section */
		5D4B3573299CDFE70089A3F9 /* Shimmer in Frameworks */ = {isa = PBXBuildFile; productRef = 5D4B3572299CDFE70089A3F9 /* Shimmer */; };
		5D4B3575299E2E830089A3F9 /* TabBar.swift in Sources */ = {isa = PBXBuildFile; fileRef = 5D4B3574299E2E830089A3F9 /* TabBar.swift */; };
		5D4B3577299ED0E00089A3F9 /* AudioManger.swift in Sources */ = {isa = PBXBuildFile; fileRef = 5D4B3576299ED0E00089A3F9 /* AudioManger.swift */; };
		5DB4383D299AA712004F2A53 /* SplashScreenLight.mp4 in Resources */ = {isa = PBXBuildFile; fileRef = 5DB4383C299AA712004F2A53 /* SplashScreenLight.mp4 */; };
		900DDC0A29939AA6005A471F /* SchedulePecsView.swift in Sources */ = {isa = PBXBuildFile; fileRef = 900DDC0929939AA6005A471F /* SchedulePecsView.swift */; };
		900DDC0D29939AE9005A471F /* NotificationList.swift in Sources */ = {isa = PBXBuildFile; fileRef = 900DDC0C29939AE9005A471F /* NotificationList.swift */; };
		900DDC0F29939AF2005A471F /* NotificationCell.swift in Sources */ = {isa = PBXBuildFile; fileRef = 900DDC0E29939AF2005A471F /* NotificationCell.swift */; };
		900DDC1129941EA5005A471F /* CloudNotAvailableView.swift in Sources */ = {isa = PBXBuildFile; fileRef = 900DDC1029941EA5005A471F /* CloudNotAvailableView.swift */; };
		900DDC162994E782005A471F /* SingleOnboardingView.swift in Sources */ = {isa = PBXBuildFile; fileRef = 900DDC152994E782005A471F /* SingleOnboardingView.swift */; };
		900DDC182994F771005A471F /* CloudViewModel.swift in Sources */ = {isa = PBXBuildFile; fileRef = 900DDC172994F771005A471F /* CloudViewModel.swift */; };
		900DDC22299658AE005A471F /* UserModel.swift in Sources */ = {isa = PBXBuildFile; fileRef = 900DDC21299658AE005A471F /* UserModel.swift */; };
		900DDC282998CA3C005A471F /* DataScannerView.swift in Sources */ = {isa = PBXBuildFile; fileRef = 900DDC272998CA3C005A471F /* DataScannerView.swift */; };
		900DDC2A2998CA88005A471F /* ScanViewModel.swift in Sources */ = {isa = PBXBuildFile; fileRef = 900DDC292998CA88005A471F /* ScanViewModel.swift */; };
		900DDC2C2998D1BF005A471F /* ScanQRView.swift in Sources */ = {isa = PBXBuildFile; fileRef = 900DDC2B2998D1BF005A471F /* ScanQRView.swift */; };
		900DDC2E2998EE0E005A471F /* AddChildView.swift in Sources */ = {isa = PBXBuildFile; fileRef = 900DDC2D2998EE0E005A471F /* AddChildView.swift */; };
		900DDC302998EFB5005A471F /* ChildQRView.swift in Sources */ = {isa = PBXBuildFile; fileRef = 900DDC2F2998EFB5005A471F /* ChildQRView.swift */; };
		900DDC36299D0765005A471F /* NotificationManager.swift in Sources */ = {isa = PBXBuildFile; fileRef = 900DDC35299D0765005A471F /* NotificationManager.swift */; };
		90118270298D0EAA0024ABC1 /* SabeelApp.swift in Sources */ = {isa = PBXBuildFile; fileRef = 9011826F298D0EAA0024ABC1 /* SabeelApp.swift */; };
		90118274298D0EAC0024ABC1 /* Assets.xcassets in Resources */ = {isa = PBXBuildFile; fileRef = 90118273298D0EAC0024ABC1 /* Assets.xcassets */; };
		90118277298D0EAC0024ABC1 /* Preview Assets.xcassets in Resources */ = {isa = PBXBuildFile; fileRef = 90118276298D0EAC0024ABC1 /* Preview Assets.xcassets */; };
		90118282299157100024ABC1 /* SplashScreen.swift in Sources */ = {isa = PBXBuildFile; fileRef = 90118281299157100024ABC1 /* SplashScreen.swift */; };
		9011828429915C910024ABC1 /* OnboardingView.swift in Sources */ = {isa = PBXBuildFile; fileRef = 9011828329915C910024ABC1 /* OnboardingView.swift */; };
		9011828629915CAB0024ABC1 /* ChooseUserView.swift in Sources */ = {isa = PBXBuildFile; fileRef = 9011828529915CAB0024ABC1 /* ChooseUserView.swift */; };
		9011828929915CDC0024ABC1 /* PecsView.swift in Sources */ = {isa = PBXBuildFile; fileRef = 9011828829915CDC0024ABC1 /* PecsView.swift */; };
		9011828C29915D060024ABC1 /* AddPecsView.swift in Sources */ = {isa = PBXBuildFile; fileRef = 9011828B29915D060024ABC1 /* AddPecsView.swift */; };
		9011828E29915D140024ABC1 /* EditPecsView.swift in Sources */ = {isa = PBXBuildFile; fileRef = 9011828D29915D140024ABC1 /* EditPecsView.swift */; };
		9011829629915DAF0024ABC1 /* PicList.swift in Sources */ = {isa = PBXBuildFile; fileRef = 9011829529915DAF0024ABC1 /* PicList.swift */; };
		9011829829915DBA0024ABC1 /* PicCell.swift in Sources */ = {isa = PBXBuildFile; fileRef = 9011829729915DBA0024ABC1 /* PicCell.swift */; };
		9011829D29915DF50024ABC1 /* SettingsView.swift in Sources */ = {isa = PBXBuildFile; fileRef = 9011829C29915DF50024ABC1 /* SettingsView.swift */; };
		9011829F29915E0A0024ABC1 /* NotificationsView.swift in Sources */ = {isa = PBXBuildFile; fileRef = 9011829E29915E0A0024ABC1 /* NotificationsView.swift */; };
		901182A529915E9D0024ABC1 /* PecsModel.swift in Sources */ = {isa = PBXBuildFile; fileRef = 901182A429915E9D0024ABC1 /* PecsModel.swift */; };
		901182A729915EC50024ABC1 /* PecsViewModel.swift in Sources */ = {isa = PBXBuildFile; fileRef = 901182A629915EC50024ABC1 /* PecsViewModel.swift */; };
		901182AC29916C3C0024ABC1 /* Extensions.swift in Sources */ = {isa = PBXBuildFile; fileRef = 901182AB29916C3C0024ABC1 /* Extensions.swift */; };
/* End PBXBuildFile section */

/* Begin PBXFileReference section */
		5D4B3574299E2E830089A3F9 /* TabBar.swift */ = {isa = PBXFileReference; lastKnownFileType = sourcecode.swift; path = TabBar.swift; sourceTree = "<group>"; };
		5D4B3576299ED0E00089A3F9 /* AudioManger.swift */ = {isa = PBXFileReference; lastKnownFileType = sourcecode.swift; path = AudioManger.swift; sourceTree = "<group>"; };
		5DB4383C299AA712004F2A53 /* SplashScreenLight.mp4 */ = {isa = PBXFileReference; lastKnownFileType = file; path = SplashScreenLight.mp4; sourceTree = "<group>"; };
		900DDC0929939AA6005A471F /* SchedulePecsView.swift */ = {isa = PBXFileReference; lastKnownFileType = sourcecode.swift; path = SchedulePecsView.swift; sourceTree = "<group>"; };
		900DDC0C29939AE9005A471F /* NotificationList.swift */ = {isa = PBXFileReference; lastKnownFileType = sourcecode.swift; path = NotificationList.swift; sourceTree = "<group>"; };
		900DDC0E29939AF2005A471F /* NotificationCell.swift */ = {isa = PBXFileReference; lastKnownFileType = sourcecode.swift; path = NotificationCell.swift; sourceTree = "<group>"; };
		900DDC1029941EA5005A471F /* CloudNotAvailableView.swift */ = {isa = PBXFileReference; lastKnownFileType = sourcecode.swift; path = CloudNotAvailableView.swift; sourceTree = "<group>"; };
		900DDC152994E782005A471F /* SingleOnboardingView.swift */ = {isa = PBXFileReference; lastKnownFileType = sourcecode.swift; path = SingleOnboardingView.swift; sourceTree = "<group>"; };
		900DDC172994F771005A471F /* CloudViewModel.swift */ = {isa = PBXFileReference; lastKnownFileType = sourcecode.swift; path = CloudViewModel.swift; sourceTree = "<group>"; };
		900DDC192994F795005A471F /* Sabeel.entitlements */ = {isa = PBXFileReference; lastKnownFileType = text.plist.entitlements; path = Sabeel.entitlements; sourceTree = "<group>"; };
		900DDC1A2994F9E1005A471F /* Info.plist */ = {isa = PBXFileReference; lastKnownFileType = text.plist; path = Info.plist; sourceTree = "<group>"; };
		900DDC21299658AE005A471F /* UserModel.swift */ = {isa = PBXFileReference; lastKnownFileType = sourcecode.swift; path = UserModel.swift; sourceTree = "<group>"; };
		900DDC272998CA3C005A471F /* DataScannerView.swift */ = {isa = PBXFileReference; lastKnownFileType = sourcecode.swift; path = DataScannerView.swift; sourceTree = "<group>"; };
		900DDC292998CA88005A471F /* ScanViewModel.swift */ = {isa = PBXFileReference; lastKnownFileType = sourcecode.swift; path = ScanViewModel.swift; sourceTree = "<group>"; };
		900DDC2B2998D1BF005A471F /* ScanQRView.swift */ = {isa = PBXFileReference; lastKnownFileType = sourcecode.swift; path = ScanQRView.swift; sourceTree = "<group>"; };
		900DDC2D2998EE0E005A471F /* AddChildView.swift */ = {isa = PBXFileReference; lastKnownFileType = sourcecode.swift; path = AddChildView.swift; sourceTree = "<group>"; };
		900DDC2F2998EFB5005A471F /* ChildQRView.swift */ = {isa = PBXFileReference; lastKnownFileType = sourcecode.swift; path = ChildQRView.swift; sourceTree = "<group>"; };
		900DDC35299D0765005A471F /* NotificationManager.swift */ = {isa = PBXFileReference; lastKnownFileType = sourcecode.swift; path = NotificationManager.swift; sourceTree = "<group>"; };
		9011826C298D0EAA0024ABC1 /* Sabeel.app */ = {isa = PBXFileReference; explicitFileType = wrapper.application; includeInIndex = 0; path = Sabeel.app; sourceTree = BUILT_PRODUCTS_DIR; };
		9011826F298D0EAA0024ABC1 /* SabeelApp.swift */ = {isa = PBXFileReference; lastKnownFileType = sourcecode.swift; path = SabeelApp.swift; sourceTree = "<group>"; };
		90118273298D0EAC0024ABC1 /* Assets.xcassets */ = {isa = PBXFileReference; lastKnownFileType = folder.assetcatalog; path = Assets.xcassets; sourceTree = "<group>"; };
		90118276298D0EAC0024ABC1 /* Preview Assets.xcassets */ = {isa = PBXFileReference; lastKnownFileType = folder.assetcatalog; path = "Preview Assets.xcassets"; sourceTree = "<group>"; };
		90118281299157100024ABC1 /* SplashScreen.swift */ = {isa = PBXFileReference; lastKnownFileType = sourcecode.swift; path = SplashScreen.swift; sourceTree = "<group>"; };
		9011828329915C910024ABC1 /* OnboardingView.swift */ = {isa = PBXFileReference; lastKnownFileType = sourcecode.swift; path = OnboardingView.swift; sourceTree = "<group>"; };
		9011828529915CAB0024ABC1 /* ChooseUserView.swift */ = {isa = PBXFileReference; lastKnownFileType = sourcecode.swift; path = ChooseUserView.swift; sourceTree = "<group>"; };
		9011828829915CDC0024ABC1 /* PecsView.swift */ = {isa = PBXFileReference; lastKnownFileType = sourcecode.swift; path = PecsView.swift; sourceTree = "<group>"; };
		9011828B29915D060024ABC1 /* AddPecsView.swift */ = {isa = PBXFileReference; lastKnownFileType = sourcecode.swift; path = AddPecsView.swift; sourceTree = "<group>"; };
		9011828D29915D140024ABC1 /* EditPecsView.swift */ = {isa = PBXFileReference; lastKnownFileType = sourcecode.swift; path = EditPecsView.swift; sourceTree = "<group>"; };
		9011829529915DAF0024ABC1 /* PicList.swift */ = {isa = PBXFileReference; lastKnownFileType = sourcecode.swift; path = PicList.swift; sourceTree = "<group>"; };
		9011829729915DBA0024ABC1 /* PicCell.swift */ = {isa = PBXFileReference; lastKnownFileType = sourcecode.swift; path = PicCell.swift; sourceTree = "<group>"; };
		9011829C29915DF50024ABC1 /* SettingsView.swift */ = {isa = PBXFileReference; lastKnownFileType = sourcecode.swift; path = SettingsView.swift; sourceTree = "<group>"; };
		9011829E29915E0A0024ABC1 /* NotificationsView.swift */ = {isa = PBXFileReference; lastKnownFileType = sourcecode.swift; path = NotificationsView.swift; sourceTree = "<group>"; };
		901182A429915E9D0024ABC1 /* PecsModel.swift */ = {isa = PBXFileReference; lastKnownFileType = sourcecode.swift; path = PecsModel.swift; sourceTree = "<group>"; };
		901182A629915EC50024ABC1 /* PecsViewModel.swift */ = {isa = PBXFileReference; lastKnownFileType = sourcecode.swift; path = PecsViewModel.swift; sourceTree = "<group>"; };
		901182AB29916C3C0024ABC1 /* Extensions.swift */ = {isa = PBXFileReference; lastKnownFileType = sourcecode.swift; path = Extensions.swift; sourceTree = "<group>"; };
/* End PBXFileReference section */

/* Begin PBXFrameworksBuildPhase section */
		90118269298D0EAA0024ABC1 /* Frameworks */ = {
			isa = PBXFrameworksBuildPhase;
			buildActionMask = 2147483647;
			files = (
				5D4B3573299CDFE70089A3F9 /* Shimmer in Frameworks */,
			);
			runOnlyForDeploymentPostprocessing = 0;
		};
/* End PBXFrameworksBuildPhase section */

/* Begin PBXGroup section */
		5D26FC01299AB15F005C5FE2 /* Assets */ = {
			isa = PBXGroup;
			children = (
				5DB4383B299AA6F5004F2A53 /* Videos */,
				90118273298D0EAC0024ABC1 /* Assets.xcassets */,
			);
			path = Assets;
			sourceTree = "<group>";
		};
		5DB4383B299AA6F5004F2A53 /* Videos */ = {
			isa = PBXGroup;
			children = (
				5DB4383C299AA712004F2A53 /* SplashScreenLight.mp4 */,
			);
			path = Videos;
			sourceTree = "<group>";
		};
		900DDC0829939A5B005A471F /* Settings */ = {
			isa = PBXGroup;
			children = (
				9011829C29915DF50024ABC1 /* SettingsView.swift */,
				900DDC0929939AA6005A471F /* SchedulePecsView.swift */,
				900DDC272998CA3C005A471F /* DataScannerView.swift */,
				900DDC2B2998D1BF005A471F /* ScanQRView.swift */,
				900DDC2D2998EE0E005A471F /* AddChildView.swift */,
				900DDC2F2998EFB5005A471F /* ChildQRView.swift */,
			);
			path = Settings;
			sourceTree = "<group>";
		};
		900DDC0B29939ACC005A471F /* Notifications */ = {
			isa = PBXGroup;
			children = (
				9011829E29915E0A0024ABC1 /* NotificationsView.swift */,
				900DDC0C29939AE9005A471F /* NotificationList.swift */,
				900DDC0E29939AF2005A471F /* NotificationCell.swift */,
			);
			path = Notifications;
			sourceTree = "<group>";
		};
		90118263298D0EAA0024ABC1 = {
			isa = PBXGroup;
			children = (
				9011826E298D0EAA0024ABC1 /* Sabeel */,
				9011826D298D0EAA0024ABC1 /* Products */,
			);
			sourceTree = "<group>";
		};
		9011826D298D0EAA0024ABC1 /* Products */ = {
			isa = PBXGroup;
			children = (
				9011826C298D0EAA0024ABC1 /* Sabeel.app */,
			);
			name = Products;
			sourceTree = "<group>";
		};
		9011826E298D0EAA0024ABC1 /* Sabeel */ = {
			isa = PBXGroup;
			children = (
				900DDC1A2994F9E1005A471F /* Info.plist */,
				900DDC192994F795005A471F /* Sabeel.entitlements */,
				9011827E299156890024ABC1 /* Model */,
				9011827F299156920024ABC1 /* View */,
				90118280299156990024ABC1 /* View Model */,
				901182AD29923C520024ABC1 /* Helper */,
				5D26FC01299AB15F005C5FE2 /* Assets */,
				90118275298D0EAC0024ABC1 /* Preview Content */,
			);
			path = Sabeel;
			sourceTree = "<group>";
		};
		90118275298D0EAC0024ABC1 /* Preview Content */ = {
			isa = PBXGroup;
			children = (
				90118276298D0EAC0024ABC1 /* Preview Assets.xcassets */,
			);
			path = "Preview Content";
			sourceTree = "<group>";
		};
		9011827E299156890024ABC1 /* Model */ = {
			isa = PBXGroup;
			children = (
				901182A429915E9D0024ABC1 /* PecsModel.swift */,
				900DDC21299658AE005A471F /* UserModel.swift */,
			);
			path = Model;
			sourceTree = "<group>";
		};
		9011827F299156920024ABC1 /* View */ = {
			isa = PBXGroup;
			children = (
				9011828729915CBA0024ABC1 /* Start */,
				9011828A29915CF00024ABC1 /* PECS */,
				900DDC0829939A5B005A471F /* Settings */,
				900DDC0B29939ACC005A471F /* Notifications */,
			);
			path = View;
			sourceTree = "<group>";
		};
		90118280299156990024ABC1 /* View Model */ = {
			isa = PBXGroup;
			children = (
				901182A629915EC50024ABC1 /* PecsViewModel.swift */,
				900DDC172994F771005A471F /* CloudViewModel.swift */,
				900DDC292998CA88005A471F /* ScanViewModel.swift */,
			);
			path = "View Model";
			sourceTree = "<group>";
		};
		9011828729915CBA0024ABC1 /* Start */ = {
			isa = PBXGroup;
			children = (
				9011826F298D0EAA0024ABC1 /* SabeelApp.swift */,
				90118281299157100024ABC1 /* SplashScreen.swift */,
				900DDC1029941EA5005A471F /* CloudNotAvailableView.swift */,
				9011828329915C910024ABC1 /* OnboardingView.swift */,
				900DDC152994E782005A471F /* SingleOnboardingView.swift */,
				9011828529915CAB0024ABC1 /* ChooseUserView.swift */,
			);
			path = Start;
			sourceTree = "<group>";
		};
		9011828A29915CF00024ABC1 /* PECS */ = {
			isa = PBXGroup;
			children = (
				5D4B3574299E2E830089A3F9 /* TabBar.swift */,
				9011828829915CDC0024ABC1 /* PecsView.swift */,
				9011829529915DAF0024ABC1 /* PicList.swift */,
				9011829729915DBA0024ABC1 /* PicCell.swift */,
				9011828B29915D060024ABC1 /* AddPecsView.swift */,
				9011828D29915D140024ABC1 /* EditPecsView.swift */,
			);
			path = PECS;
			sourceTree = "<group>";
		};
		901182AD29923C520024ABC1 /* Helper */ = {
			isa = PBXGroup;
			children = (
				901182AB29916C3C0024ABC1 /* Extensions.swift */,
				900DDC35299D0765005A471F /* NotificationManager.swift */,
				5D4B3576299ED0E00089A3F9 /* AudioManger.swift */,
			);
			path = Helper;
			sourceTree = "<group>";
		};
/* End PBXGroup section */

/* Begin PBXNativeTarget section */
		9011826B298D0EAA0024ABC1 /* Sabeel */ = {
			isa = PBXNativeTarget;
			buildConfigurationList = 9011827A298D0EAC0024ABC1 /* Build configuration list for PBXNativeTarget "Sabeel" */;
			buildPhases = (
				90118268298D0EAA0024ABC1 /* Sources */,
				90118269298D0EAA0024ABC1 /* Frameworks */,
				9011826A298D0EAA0024ABC1 /* Resources */,
			);
			buildRules = (
			);
			dependencies = (
			);
			name = Sabeel;
			packageProductDependencies = (
				5D4B3572299CDFE70089A3F9 /* Shimmer */,
			);
			productName = Sabeel;
			productReference = 9011826C298D0EAA0024ABC1 /* Sabeel.app */;
			productType = "com.apple.product-type.application";
		};
/* End PBXNativeTarget section */

/* Begin PBXProject section */
		90118264298D0EAA0024ABC1 /* Project object */ = {
			isa = PBXProject;
			attributes = {
				BuildIndependentTargetsInParallel = 1;
				LastSwiftUpdateCheck = 1420;
				LastUpgradeCheck = 1420;
				TargetAttributes = {
					9011826B298D0EAA0024ABC1 = {
						CreatedOnToolsVersion = 14.2;
					};
				};
			};
			buildConfigurationList = 90118267298D0EAA0024ABC1 /* Build configuration list for PBXProject "Sabeel" */;
			compatibilityVersion = "Xcode 14.0";
			developmentRegion = en;
			hasScannedForEncodings = 0;
			knownRegions = (
				en,
				Base,
			);
			mainGroup = 90118263298D0EAA0024ABC1;
			packageReferences = (
				5D4B3571299CDFE70089A3F9 /* XCRemoteSwiftPackageReference "SwiftUI-Shimmer" */,
			);
			productRefGroup = 9011826D298D0EAA0024ABC1 /* Products */;
			projectDirPath = "";
			projectRoot = "";
			targets = (
				9011826B298D0EAA0024ABC1 /* Sabeel */,
			);
		};
/* End PBXProject section */

/* Begin PBXResourcesBuildPhase section */
		9011826A298D0EAA0024ABC1 /* Resources */ = {
			isa = PBXResourcesBuildPhase;
			buildActionMask = 2147483647;
			files = (
				5DB4383D299AA712004F2A53 /* SplashScreenLight.mp4 in Resources */,
				90118277298D0EAC0024ABC1 /* Preview Assets.xcassets in Resources */,
				90118274298D0EAC0024ABC1 /* Assets.xcassets in Resources */,
			);
			runOnlyForDeploymentPostprocessing = 0;
		};
/* End PBXResourcesBuildPhase section */

/* Begin PBXSourcesBuildPhase section */
		90118268298D0EAA0024ABC1 /* Sources */ = {
			isa = PBXSourcesBuildPhase;
			buildActionMask = 2147483647;
			files = (
				90118282299157100024ABC1 /* SplashScreen.swift in Sources */,
				900DDC22299658AE005A471F /* UserModel.swift in Sources */,
				9011829629915DAF0024ABC1 /* PicList.swift in Sources */,
				900DDC282998CA3C005A471F /* DataScannerView.swift in Sources */,
				900DDC2A2998CA88005A471F /* ScanViewModel.swift in Sources */,
				900DDC1129941EA5005A471F /* CloudNotAvailableView.swift in Sources */,
				900DDC2C2998D1BF005A471F /* ScanQRView.swift in Sources */,
				901182A729915EC50024ABC1 /* PecsViewModel.swift in Sources */,
				90118270298D0EAA0024ABC1 /* SabeelApp.swift in Sources */,
				900DDC0D29939AE9005A471F /* NotificationList.swift in Sources */,
				9011828E29915D140024ABC1 /* EditPecsView.swift in Sources */,
				9011828929915CDC0024ABC1 /* PecsView.swift in Sources */,
				900DDC36299D0765005A471F /* NotificationManager.swift in Sources */,
				9011829D29915DF50024ABC1 /* SettingsView.swift in Sources */,
				5D4B3577299ED0E00089A3F9 /* AudioManger.swift in Sources */,
				901182AC29916C3C0024ABC1 /* Extensions.swift in Sources */,
				9011829829915DBA0024ABC1 /* PicCell.swift in Sources */,
				900DDC2E2998EE0E005A471F /* AddChildView.swift in Sources */,
				901182A529915E9D0024ABC1 /* PecsModel.swift in Sources */,
				9011828C29915D060024ABC1 /* AddPecsView.swift in Sources */,
				9011829F29915E0A0024ABC1 /* NotificationsView.swift in Sources */,
				900DDC182994F771005A471F /* CloudViewModel.swift in Sources */,
				9011828629915CAB0024ABC1 /* ChooseUserView.swift in Sources */,
				900DDC0A29939AA6005A471F /* SchedulePecsView.swift in Sources */,
				900DDC302998EFB5005A471F /* ChildQRView.swift in Sources */,
				900DDC162994E782005A471F /* SingleOnboardingView.swift in Sources */,
				9011828429915C910024ABC1 /* OnboardingView.swift in Sources */,
				900DDC0F29939AF2005A471F /* NotificationCell.swift in Sources */,
				5D4B3575299E2E830089A3F9 /* TabBar.swift in Sources */,
			);
			runOnlyForDeploymentPostprocessing = 0;
		};
/* End PBXSourcesBuildPhase section */

/* Begin XCBuildConfiguration section */
		90118278298D0EAC0024ABC1 /* Debug */ = {
			isa = XCBuildConfiguration;
			buildSettings = {
				ALWAYS_SEARCH_USER_PATHS = NO;
				CLANG_ANALYZER_NONNULL = YES;
				CLANG_ANALYZER_NUMBER_OBJECT_CONVERSION = YES_AGGRESSIVE;
				CLANG_CXX_LANGUAGE_STANDARD = "gnu++20";
				CLANG_ENABLE_MODULES = YES;
				CLANG_ENABLE_OBJC_ARC = YES;
				CLANG_ENABLE_OBJC_WEAK = YES;
				CLANG_WARN_BLOCK_CAPTURE_AUTORELEASING = YES;
				CLANG_WARN_BOOL_CONVERSION = YES;
				CLANG_WARN_COMMA = YES;
				CLANG_WARN_CONSTANT_CONVERSION = YES;
				CLANG_WARN_DEPRECATED_OBJC_IMPLEMENTATIONS = YES;
				CLANG_WARN_DIRECT_OBJC_ISA_USAGE = YES_ERROR;
				CLANG_WARN_DOCUMENTATION_COMMENTS = YES;
				CLANG_WARN_EMPTY_BODY = YES;
				CLANG_WARN_ENUM_CONVERSION = YES;
				CLANG_WARN_INFINITE_RECURSION = YES;
				CLANG_WARN_INT_CONVERSION = YES;
				CLANG_WARN_NON_LITERAL_NULL_CONVERSION = YES;
				CLANG_WARN_OBJC_IMPLICIT_RETAIN_SELF = YES;
				CLANG_WARN_OBJC_LITERAL_CONVERSION = YES;
				CLANG_WARN_OBJC_ROOT_CLASS = YES_ERROR;
				CLANG_WARN_QUOTED_INCLUDE_IN_FRAMEWORK_HEADER = YES;
				CLANG_WARN_RANGE_LOOP_ANALYSIS = YES;
				CLANG_WARN_STRICT_PROTOTYPES = YES;
				CLANG_WARN_SUSPICIOUS_MOVE = YES;
				CLANG_WARN_UNGUARDED_AVAILABILITY = YES_AGGRESSIVE;
				CLANG_WARN_UNREACHABLE_CODE = YES;
				CLANG_WARN__DUPLICATE_METHOD_MATCH = YES;
				COPY_PHASE_STRIP = NO;
				DEBUG_INFORMATION_FORMAT = dwarf;
				ENABLE_STRICT_OBJC_MSGSEND = YES;
				ENABLE_TESTABILITY = YES;
				GCC_C_LANGUAGE_STANDARD = gnu11;
				GCC_DYNAMIC_NO_PIC = NO;
				GCC_NO_COMMON_BLOCKS = YES;
				GCC_OPTIMIZATION_LEVEL = 0;
				GCC_PREPROCESSOR_DEFINITIONS = (
					"DEBUG=1",
					"$(inherited)",
				);
				GCC_WARN_64_TO_32_BIT_CONVERSION = YES;
				GCC_WARN_ABOUT_RETURN_TYPE = YES_ERROR;
				GCC_WARN_UNDECLARED_SELECTOR = YES;
				GCC_WARN_UNINITIALIZED_AUTOS = YES_AGGRESSIVE;
				GCC_WARN_UNUSED_FUNCTION = YES;
				GCC_WARN_UNUSED_VARIABLE = YES;
				IPHONEOS_DEPLOYMENT_TARGET = 16.2;
				MTL_ENABLE_DEBUG_INFO = INCLUDE_SOURCE;
				MTL_FAST_MATH = YES;
				ONLY_ACTIVE_ARCH = YES;
				SDKROOT = iphoneos;
				SWIFT_ACTIVE_COMPILATION_CONDITIONS = DEBUG;
				SWIFT_OPTIMIZATION_LEVEL = "-Onone";
			};
			name = Debug;
		};
		90118279298D0EAC0024ABC1 /* Release */ = {
			isa = XCBuildConfiguration;
			buildSettings = {
				ALWAYS_SEARCH_USER_PATHS = NO;
				CLANG_ANALYZER_NONNULL = YES;
				CLANG_ANALYZER_NUMBER_OBJECT_CONVERSION = YES_AGGRESSIVE;
				CLANG_CXX_LANGUAGE_STANDARD = "gnu++20";
				CLANG_ENABLE_MODULES = YES;
				CLANG_ENABLE_OBJC_ARC = YES;
				CLANG_ENABLE_OBJC_WEAK = YES;
				CLANG_WARN_BLOCK_CAPTURE_AUTORELEASING = YES;
				CLANG_WARN_BOOL_CONVERSION = YES;
				CLANG_WARN_COMMA = YES;
				CLANG_WARN_CONSTANT_CONVERSION = YES;
				CLANG_WARN_DEPRECATED_OBJC_IMPLEMENTATIONS = YES;
				CLANG_WARN_DIRECT_OBJC_ISA_USAGE = YES_ERROR;
				CLANG_WARN_DOCUMENTATION_COMMENTS = YES;
				CLANG_WARN_EMPTY_BODY = YES;
				CLANG_WARN_ENUM_CONVERSION = YES;
				CLANG_WARN_INFINITE_RECURSION = YES;
				CLANG_WARN_INT_CONVERSION = YES;
				CLANG_WARN_NON_LITERAL_NULL_CONVERSION = YES;
				CLANG_WARN_OBJC_IMPLICIT_RETAIN_SELF = YES;
				CLANG_WARN_OBJC_LITERAL_CONVERSION = YES;
				CLANG_WARN_OBJC_ROOT_CLASS = YES_ERROR;
				CLANG_WARN_QUOTED_INCLUDE_IN_FRAMEWORK_HEADER = YES;
				CLANG_WARN_RANGE_LOOP_ANALYSIS = YES;
				CLANG_WARN_STRICT_PROTOTYPES = YES;
				CLANG_WARN_SUSPICIOUS_MOVE = YES;
				CLANG_WARN_UNGUARDED_AVAILABILITY = YES_AGGRESSIVE;
				CLANG_WARN_UNREACHABLE_CODE = YES;
				CLANG_WARN__DUPLICATE_METHOD_MATCH = YES;
				COPY_PHASE_STRIP = NO;
				DEBUG_INFORMATION_FORMAT = "dwarf-with-dsym";
				ENABLE_NS_ASSERTIONS = NO;
				ENABLE_STRICT_OBJC_MSGSEND = YES;
				GCC_C_LANGUAGE_STANDARD = gnu11;
				GCC_NO_COMMON_BLOCKS = YES;
				GCC_WARN_64_TO_32_BIT_CONVERSION = YES;
				GCC_WARN_ABOUT_RETURN_TYPE = YES_ERROR;
				GCC_WARN_UNDECLARED_SELECTOR = YES;
				GCC_WARN_UNINITIALIZED_AUTOS = YES_AGGRESSIVE;
				GCC_WARN_UNUSED_FUNCTION = YES;
				GCC_WARN_UNUSED_VARIABLE = YES;
				IPHONEOS_DEPLOYMENT_TARGET = 16.2;
				MTL_ENABLE_DEBUG_INFO = NO;
				MTL_FAST_MATH = YES;
				SDKROOT = iphoneos;
				SWIFT_COMPILATION_MODE = wholemodule;
				SWIFT_OPTIMIZATION_LEVEL = "-O";
				VALIDATE_PRODUCT = YES;
			};
			name = Release;
		};
		9011827B298D0EAC0024ABC1 /* Debug */ = {
			isa = XCBuildConfiguration;
			buildSettings = {
				ASSETCATALOG_COMPILER_APPICON_NAME = AppIcon;
				ASSETCATALOG_COMPILER_GLOBAL_ACCENT_COLOR_NAME = AccentColor;
				CODE_SIGN_ENTITLEMENTS = Sabeel/Sabeel.entitlements;
				CODE_SIGN_IDENTITY = "Apple Development";
				CODE_SIGN_STYLE = Automatic;
				CURRENT_PROJECT_VERSION = 1;
				DEVELOPMENT_ASSET_PATHS = "\"Sabeel/Preview Content\"";
				DEVELOPMENT_TEAM = DMXBNDQ3Y6;
				ENABLE_PREVIEWS = YES;
				GENERATE_INFOPLIST_FILE = YES;
				INFOPLIST_FILE = Sabeel/Info.plist;
				INFOPLIST_KEY_NSCameraUsageDescription = "The app needs camera access to scan QR for your child";
				INFOPLIST_KEY_UIApplicationSupportsIndirectInputEvents = YES;
				INFOPLIST_KEY_UILaunchScreen_Generation = YES;
				INFOPLIST_KEY_UISupportedInterfaceOrientations_iPad = "UIInterfaceOrientationPortrait UIInterfaceOrientationPortraitUpsideDown UIInterfaceOrientationLandscapeLeft UIInterfaceOrientationLandscapeRight";
				INFOPLIST_KEY_UISupportedInterfaceOrientations_iPhone = "UIInterfaceOrientationPortrait UIInterfaceOrientationLandscapeLeft UIInterfaceOrientationLandscapeRight";
				IPHONEOS_DEPLOYMENT_TARGET = 16.0;
				LD_RUNPATH_SEARCH_PATHS = (
					"$(inherited)",
					"@executable_path/Frameworks",
				);
				MARKETING_VERSION = 1.0;
				PRODUCT_BUNDLE_IDENTIFIER = com.TechLab.Sabeel;
				PRODUCT_NAME = "$(TARGET_NAME)";
				PROVISIONING_PROFILE_SPECIFIER = "";
				SWIFT_EMIT_LOC_STRINGS = YES;
				SWIFT_VERSION = 5.0;
				TARGETED_DEVICE_FAMILY = "1,2";
			};
			name = Debug;
		};
		9011827C298D0EAC0024ABC1 /* Release */ = {
			isa = XCBuildConfiguration;
			buildSettings = {
				ASSETCATALOG_COMPILER_APPICON_NAME = AppIcon;
				ASSETCATALOG_COMPILER_GLOBAL_ACCENT_COLOR_NAME = AccentColor;
				CODE_SIGN_ENTITLEMENTS = Sabeel/Sabeel.entitlements;
				CODE_SIGN_IDENTITY = "Apple Development";
				CODE_SIGN_STYLE = Automatic;
				CURRENT_PROJECT_VERSION = 1;
				DEVELOPMENT_ASSET_PATHS = "\"Sabeel/Preview Content\"";
				DEVELOPMENT_TEAM = DMXBNDQ3Y6;
				ENABLE_PREVIEWS = YES;
				GENERATE_INFOPLIST_FILE = YES;
				INFOPLIST_FILE = Sabeel/Info.plist;
				INFOPLIST_KEY_NSCameraUsageDescription = "The app needs camera access to scan QR for your child";
				INFOPLIST_KEY_UIApplicationSupportsIndirectInputEvents = YES;
				INFOPLIST_KEY_UILaunchScreen_Generation = YES;
				INFOPLIST_KEY_UISupportedInterfaceOrientations_iPad = "UIInterfaceOrientationPortrait UIInterfaceOrientationPortraitUpsideDown UIInterfaceOrientationLandscapeLeft UIInterfaceOrientationLandscapeRight";
				INFOPLIST_KEY_UISupportedInterfaceOrientations_iPhone = "UIInterfaceOrientationPortrait UIInterfaceOrientationLandscapeLeft UIInterfaceOrientationLandscapeRight";
				IPHONEOS_DEPLOYMENT_TARGET = 16.0;
				LD_RUNPATH_SEARCH_PATHS = (
					"$(inherited)",
					"@executable_path/Frameworks",
				);
				MARKETING_VERSION = 1.0;
				PRODUCT_BUNDLE_IDENTIFIER = com.TechLab.Sabeel;
				PRODUCT_NAME = "$(TARGET_NAME)";
				PROVISIONING_PROFILE_SPECIFIER = "";
				SWIFT_EMIT_LOC_STRINGS = YES;
				SWIFT_VERSION = 5.0;
				TARGETED_DEVICE_FAMILY = "1,2";
			};
			name = Release;
		};
/* End XCBuildConfiguration section */

/* Begin XCConfigurationList section */
		90118267298D0EAA0024ABC1 /* Build configuration list for PBXProject "Sabeel" */ = {
			isa = XCConfigurationList;
			buildConfigurations = (
				90118278298D0EAC0024ABC1 /* Debug */,
				90118279298D0EAC0024ABC1 /* Release */,
			);
			defaultConfigurationIsVisible = 0;
			defaultConfigurationName = Release;
		};
		9011827A298D0EAC0024ABC1 /* Build configuration list for PBXNativeTarget "Sabeel" */ = {
			isa = XCConfigurationList;
			buildConfigurations = (
				9011827B298D0EAC0024ABC1 /* Debug */,
				9011827C298D0EAC0024ABC1 /* Release */,
			);
			defaultConfigurationIsVisible = 0;
			defaultConfigurationName = Release;
		};
/* End XCConfigurationList section */

/* Begin XCRemoteSwiftPackageReference section */
		5D4B3571299CDFE70089A3F9 /* XCRemoteSwiftPackageReference "SwiftUI-Shimmer" */ = {
			isa = XCRemoteSwiftPackageReference;
			repositoryURL = "https://github.com/markiv/SwiftUI-Shimmer.git";
			requirement = {
				kind = upToNextMajorVersion;
				minimumVersion = 1.0.0;
			};
		};
/* End XCRemoteSwiftPackageReference section */

/* Begin XCSwiftPackageProductDependency section */
		5D4B3572299CDFE70089A3F9 /* Shimmer */ = {
			isa = XCSwiftPackageProductDependency;
			package = 5D4B3571299CDFE70089A3F9 /* XCRemoteSwiftPackageReference "SwiftUI-Shimmer" */;
			productName = Shimmer;
		};
/* End XCSwiftPackageProductDependency section */
	};
	rootObject = 90118264298D0EAA0024ABC1 /* Project object */;
}
